schema: '2.0'
stages:
  train_model:
    cmd: python main.py
    deps:
    - path: data/california_housing.csv
      hash: md5
      md5: ca5b757f0729c68d74d05bf9d9ca8486
      size: 1895154
    - path: src/train.py
      hash: md5
      md5: 074c63ea5b210cb72ada831685eef9b2
      size: 917
    params:
      params.yaml:
        model_params:
          fit_intercept: true
          copy_X: true
    outs:
    - path: models/model.pkl
      hash: md5
      md5: 3fef812aec982230c767bb7f51cb363f
      size: 1033
